// !$*UTF8*$!
{
	archiveVersion = 1;
	classes = {
	};
	objectVersion = 46;
	objects = {

/* Begin PBXBuildFile section */
		8FAC426B1BE01A5700E62FE0 /* AppDelegate.swift in Sources */ = {isa = PBXBuildFile; fileRef = 8FAC426A1BE01A5700E62FE0 /* AppDelegate.swift */; };
		8FAC426D1BE01A5700E62FE0 /* ViewController.swift in Sources */ = {isa = PBXBuildFile; fileRef = 8FAC426C1BE01A5700E62FE0 /* ViewController.swift */; };
		8FAC42701BE01A5700E62FE0 /* Main.storyboard in Resources */ = {isa = PBXBuildFile; fileRef = 8FAC426E1BE01A5700E62FE0 /* Main.storyboard */; };
		8FAC42721BE01A5700E62FE0 /* Assets.xcassets in Resources */ = {isa = PBXBuildFile; fileRef = 8FAC42711BE01A5700E62FE0 /* Assets.xcassets */; };
		8FAC42751BE01A5700E62FE0 /* LaunchScreen.storyboard in Resources */ = {isa = PBXBuildFile; fileRef = 8FAC42731BE01A5700E62FE0 /* LaunchScreen.storyboard */; };
		8FAC42811BE01BFC00E62FE0 /* music.mp3 in Resources */ = {isa = PBXBuildFile; fileRef = 8FAC42801BE01BFC00E62FE0 /* music.mp3 */; };
		8FAC42831BE01CDA00E62FE0 /* pokemon.csv in Resources */ = {isa = PBXBuildFile; fileRef = 8FAC42821BE01CDA00E62FE0 /* pokemon.csv */; };
		8FAC42851BE01DDE00E62FE0 /* Pokemon.swift in Sources */ = {isa = PBXBuildFile; fileRef = 8FAC42841BE01DDE00E62FE0 /* Pokemon.swift */; };
		8FAC42871BE023FD00E62FE0 /* PokeCell.swift in Sources */ = {isa = PBXBuildFile; fileRef = 8FAC42861BE023FD00E62FE0 /* PokeCell.swift */; };
/* End PBXBuildFile section */

/* Begin PBXFileReference section */
		8FAC42671BE01A5700E62FE0 /* MyPokeDex.app */ = {isa = PBXFileReference; explicitFileType = wrapper.application; includeInIndex = 0; path = MyPokeDex.app; sourceTree = BUILT_PRODUCTS_DIR; };
		8FAC426A1BE01A5700E62FE0 /* AppDelegate.swift */ = {isa = PBXFileReference; lastKnownFileType = sourcecode.swift; path = AppDelegate.swift; sourceTree = "<group>"; };
		8FAC426C1BE01A5700E62FE0 /* ViewController.swift */ = {isa = PBXFileReference; lastKnownFileType = sourcecode.swift; path = ViewController.swift; sourceTree = "<group>"; };
		8FAC426F1BE01A5700E62FE0 /* Base */ = {isa = PBXFileReference; lastKnownFileType = file.storyboard; name = Base; path = Base.lproj/Main.storyboard; sourceTree = "<group>"; };
		8FAC42711BE01A5700E62FE0 /* Assets.xcassets */ = {isa = PBXFileReference; lastKnownFileType = folder.assetcatalog; path = Assets.xcassets; sourceTree = "<group>"; };
		8FAC42741BE01A5700E62FE0 /* Base */ = {isa = PBXFileReference; lastKnownFileType = file.storyboard; name = Base; path = Base.lproj/LaunchScreen.storyboard; sourceTree = "<group>"; };
		8FAC42761BE01A5700E62FE0 /* Info.plist */ = {isa = PBXFileReference; lastKnownFileType = text.plist.xml; path = Info.plist; sourceTree = "<group>"; };
		8FAC42801BE01BFC00E62FE0 /* music.mp3 */ = {isa = PBXFileReference; lastKnownFileType = audio.mp3; path = music.mp3; sourceTree = "<group>"; };
		8FAC42821BE01CDA00E62FE0 /* pokemon.csv */ = {isa = PBXFileReference; fileEncoding = 4; lastKnownFileType = text; path = pokemon.csv; sourceTree = "<group>"; };
		8FAC42841BE01DDE00E62FE0 /* Pokemon.swift */ = {isa = PBXFileReference; fileEncoding = 4; lastKnownFileType = sourcecode.swift; path = Pokemon.swift; sourceTree = "<group>"; };
		8FAC42861BE023FD00E62FE0 /* PokeCell.swift */ = {isa = PBXFileReference; fileEncoding = 4; lastKnownFileType = sourcecode.swift; path = PokeCell.swift; sourceTree = "<group>"; };
/* End PBXFileReference section */

/* Begin PBXFrameworksBuildPhase section */
		8FAC42641BE01A5700E62FE0 /* Frameworks */ = {
			isa = PBXFrameworksBuildPhase;
			buildActionMask = 2147483647;
			files = (
			);
			runOnlyForDeploymentPostprocessing = 0;
		};
/* End PBXFrameworksBuildPhase section */

/* Begin PBXGroup section */
		8FAC425E1BE01A5700E62FE0 = {
			isa = PBXGroup;
			children = (
				8FAC42691BE01A5700E62FE0 /* MyPokeDex */,
				8FAC42681BE01A5700E62FE0 /* Products */,
				8FAC42821BE01CDA00E62FE0 /* pokemon.csv */,
			);
			sourceTree = "<group>";
		};
		8FAC42681BE01A5700E62FE0 /* Products */ = {
			isa = PBXGroup;
			children = (
				8FAC42671BE01A5700E62FE0 /* MyPokeDex.app */,
			);
			name = Products;
			sourceTree = "<group>";
		};
		8FAC42691BE01A5700E62FE0 /* MyPokeDex */ = {
			isa = PBXGroup;
			children = (
				8FAC427F1BE01BEE00E62FE0 /* Sound */,
				8FAC427E1BE01B8800E62FE0 /* Model */,
				8FAC427D1BE01B8100E62FE0 /* Controller */,
				8FAC427C1BE01B7C00E62FE0 /* View */,
				8FAC426A1BE01A5700E62FE0 /* AppDelegate.swift */,
				8FAC426E1BE01A5700E62FE0 /* Main.storyboard */,
				8FAC42711BE01A5700E62FE0 /* Assets.xcassets */,
				8FAC42731BE01A5700E62FE0 /* LaunchScreen.storyboard */,
				8FAC42761BE01A5700E62FE0 /* Info.plist */,
			);
			path = MyPokeDex;
			sourceTree = "<group>";
		};
		8FAC427C1BE01B7C00E62FE0 /* View */ = {
			isa = PBXGroup;
			children = (
				8FAC42861BE023FD00E62FE0 /* PokeCell.swift */,
			);
			name = View;
			sourceTree = "<group>";
		};
		8FAC427D1BE01B8100E62FE0 /* Controller */ = {
			isa = PBXGroup;
			children = (
				8FAC426C1BE01A5700E62FE0 /* ViewController.swift */,
			);
			name = Controller;
			sourceTree = "<group>";
		};
		8FAC427E1BE01B8800E62FE0 /* Model */ = {
			isa = PBXGroup;
			children = (
				8FAC42841BE01DDE00E62FE0 /* Pokemon.swift */,
			);
			name = Model;
			sourceTree = "<group>";
		};
		8FAC427F1BE01BEE00E62FE0 /* Sound */ = {
			isa = PBXGroup;
			children = (
				8FAC42801BE01BFC00E62FE0 /* music.mp3 */,
			);
			name = Sound;
			sourceTree = "<group>";
		};
/* End PBXGroup section */

/* Begin PBXNativeTarget section */
		8FAC42661BE01A5700E62FE0 /* MyPokeDex */ = {
			isa = PBXNativeTarget;
			buildConfigurationList = 8FAC42791BE01A5700E62FE0 /* Build configuration list for PBXNativeTarget "MyPokeDex" */;
			buildPhases = (
				8FAC42631BE01A5700E62FE0 /* Sources */,
				8FAC42641BE01A5700E62FE0 /* Frameworks */,
				8FAC42651BE01A5700E62FE0 /* Resources */,
			);
			buildRules = (
			);
			dependencies = (
			);
			name = MyPokeDex;
			productName = MyPokeDex;
			productReference = 8FAC42671BE01A5700E62FE0 /* MyPokeDex.app */;
			productType = "com.apple.product-type.application";
		};
/* End PBXNativeTarget section */

/* Begin PBXProject section */
		8FAC425F1BE01A5700E62FE0 /* Project object */ = {
			isa = PBXProject;
			attributes = {
				LastSwiftUpdateCheck = 0710;
				LastUpgradeCheck = 0710;
				ORGANIZATIONNAME = "Jim Aven";
				TargetAttributes = {
					8FAC42661BE01A5700E62FE0 = {
						CreatedOnToolsVersion = 7.1;
					};
				};
			};
			buildConfigurationList = 8FAC42621BE01A5700E62FE0 /* Build configuration list for PBXProject "MyPokeDex" */;
			compatibilityVersion = "Xcode 3.2";
			developmentRegion = English;
			hasScannedForEncodings = 0;
			knownRegions = (
				en,
				Base,
			);
			mainGroup = 8FAC425E1BE01A5700E62FE0;
			productRefGroup = 8FAC42681BE01A5700E62FE0 /* Products */;
			projectDirPath = "";
			projectRoot = "";
			targets = (
				8FAC42661BE01A5700E62FE0 /* MyPokeDex */,
			);
		};
/* End PBXProject section */

/* Begin PBXResourcesBuildPhase section */
		8FAC42651BE01A5700E62FE0 /* Resources */ = {
			isa = PBXResourcesBuildPhase;
			buildActionMask = 2147483647;
			files = (
				8FAC42811BE01BFC00E62FE0 /* music.mp3 in Resources */,
				8FAC42751BE01A5700E62FE0 /* LaunchScreen.storyboard in Resources */,
				8FAC42721BE01A5700E62FE0 /* Assets.xcassets in Resources */,
				8FAC42701BE01A5700E62FE0 /* Main.storyboard in Resources */,
				8FAC42831BE01CDA00E62FE0 /* pokemon.csv in Resources */,
			);
			runOnlyForDeploymentPostprocessing = 0;
		};
/* End PBXResourcesBuildPhase section */

/* Begin PBXSourcesBuildPhase section */
		8FAC42631BE01A5700E62FE0 /* Sources */ = {
			isa = PBXSourcesBuildPhase;
			buildActionMask = 2147483647;
			files = (
				8FAC42871BE023FD00E62FE0 /* PokeCell.swift in Sources */,
				8FAC42851BE01DDE00E62FE0 /* Pokemon.swift in Sources */,
				8FAC426D1BE01A5700E62FE0 /* ViewController.swift in Sources */,
				8FAC426B1BE01A5700E62FE0 /* AppDelegate.swift in Sources */,
			);
			runOnlyForDeploymentPostprocessing = 0;
		};
/* End PBXSourcesBuildPhase section */

/* Begin PBXVariantGroup section */
		8FAC426E1BE01A5700E62FE0 /* Main.storyboard */ = {
			isa = PBXVariantGroup;
			children = (
				8FAC426F1BE01A5700E62FE0 /* Base */,
			);
			name = Main.storyboard;
			sourceTree = "<group>";
		};
		8FAC42731BE01A5700E62FE0 /* LaunchScreen.storyboard */ = {
			isa = PBXVariantGroup;
			children = (
				8FAC42741BE01A5700E62FE0 /* Base */,
			);
			name = LaunchScreen.storyboard;
			sourceTree = "<group>";
		};
/* End PBXVariantGroup section */

/* Begin XCBuildConfiguration section */
		8FAC42771BE01A5700E62FE0 /* Debug */ = {
			isa = XCBuildConfiguration;
			buildSettings = {
				ALWAYS_SEARCH_USER_PATHS = NO;
				CLANG_CXX_LANGUAGE_STANDARD = "gnu++0x";
				CLANG_CXX_LIBRARY = "libc++";
				CLANG_ENABLE_MODULES = YES;
				CLANG_ENABLE_OBJC_ARC = YES;
				CLANG_WARN_BOOL_CONVERSION = YES;
				CLANG_WARN_CONSTANT_CONVERSION = YES;
				CLANG_WARN_DIRECT_OBJC_ISA_USAGE = YES_ERROR;
				CLANG_WARN_EMPTY_BODY = YES;
				CLANG_WARN_ENUM_CONVERSION = YES;
				CLANG_WARN_INT_CONVERSION = YES;
				CLANG_WARN_OBJC_ROOT_CLASS = YES_ERROR;
				CLANG_WARN_UNREACHABLE_CODE = YES;
				CLANG_WARN__DUPLICATE_METHOD_MATCH = YES;
				"CODE_SIGN_IDENTITY[sdk=iphoneos*]" = "iPhone Developer";
				COPY_PHASE_STRIP = NO;
				DEBUG_INFORMATION_FORMAT = dwarf;
				ENABLE_STRICT_OBJC_MSGSEND = YES;
				ENABLE_TESTABILITY = YES;
				GCC_C_LANGUAGE_STANDARD = gnu99;
				GCC_DYNAMIC_NO_PIC = NO;
				GCC_NO_COMMON_BLOCKS = YES;
				GCC_OPTIMIZATION_LEVEL = 0;
				GCC_PREPROCESSOR_DEFINITIONS = (
					"DEBUG=1",
					"$(inherited)",
				);
				GCC_WARN_64_TO_32_BIT_CONVERSION = YES;
				GCC_WARN_ABOUT_RETURN_TYPE = YES_ERROR;
				GCC_WARN_UNDECLARED_SELECTOR = YES;
				GCC_WARN_UNINITIALIZED_AUTOS = YES_AGGRESSIVE;
				GCC_WARN_UNUSED_FUNCTION = YES;
				GCC_WARN_UNUSED_VARIABLE = YES;
				IPHONEOS_DEPLOYMENT_TARGET = 9.1;
				MTL_ENABLE_DEBUG_INFO = YES;
				ONLY_ACTIVE_ARCH = YES;
				SDKROOT = iphoneos;
				SWIFT_OPTIMIZATION_LEVEL = "-Onone";
				TARGETED_DEVICE_FAMILY = "1,2";
			};
			name = Debug;
		};
		8FAC42781BE01A5700E62FE0 /* Release */ = {
			isa = XCBuildConfiguration;
			buildSettings = {
				ALWAYS_SEARCH_USER_PATHS = NO;
				CLANG_CXX_LANGUAGE_STANDARD = "gnu++0x";
				CLANG_CXX_LIBRARY = "libc++";
				CLANG_ENABLE_MODULES = YES;
				CLANG_ENABLE_OBJC_ARC = YES;
				CLANG_WARN_BOOL_CONVERSION = YES;
				CLANG_WARN_CONSTANT_CONVERSION = YES;
				CLANG_WARN_DIRECT_OBJC_ISA_USAGE = YES_ERROR;
				CLANG_WARN_EMPTY_BODY = YES;
				CLANG_WARN_ENUM_CONVERSION = YES;
				CLANG_WARN_INT_CONVERSION = YES;
				CLANG_WARN_OBJC_ROOT_CLASS = YES_ERROR;
				CLANG_WARN_UNREACHABLE_CODE = YES;
				CLANG_WARN__DUPLICATE_METHOD_MATCH = YES;
				"CODE_SIGN_IDENTITY[sdk=iphoneos*]" = "iPhone Developer";
				COPY_PHASE_STRIP = NO;
				DEBUG_INFORMATION_FORMAT = "dwarf-with-dsym";
				ENABLE_NS_ASSERTIONS = NO;
				ENABLE_STRICT_OBJC_MSGSEND = YES;
				GCC_C_LANGUAGE_STANDARD = gnu99;
				GCC_NO_COMMON_BLOCKS = YES;
				GCC_WARN_64_TO_32_BIT_CONVERSION = YES;
				GCC_WARN_ABOUT_RETURN_TYPE = YES_ERROR;
				GCC_WARN_UNDECLARED_SELECTOR = YES;
				GCC_WARN_UNINITIALIZED_AUTOS = YES_AGGRESSIVE;
				GCC_WARN_UNUSED_FUNCTION = YES;
				GCC_WARN_UNUSED_VARIABLE = YES;
				IPHONEOS_DEPLOYMENT_TARGET = 9.1;
				MTL_ENABLE_DEBUG_INFO = NO;
				SDKROOT = iphoneos;
				TARGETED_DEVICE_FAMILY = "1,2";
				VALIDATE_PRODUCT = YES;
			};
			name = Release;
		};
		8FAC427A1BE01A5700E62FE0 /* Debug */ = {
			isa = XCBuildConfiguration;
			buildSettings = {
				ASSETCATALOG_COMPILER_APPICON_NAME = AppIcon;
				INFOPLIST_FILE = MyPokeDex/Info.plist;
				IPHONEOS_DEPLOYMENT_TARGET = 9.0;
				LD_RUNPATH_SEARCH_PATHS = "$(inherited) @executable_path/Frameworks";
				PRODUCT_BUNDLE_IDENTIFIER = com.neva.MyPokeDex;
				PRODUCT_NAME = "$(TARGET_NAME)";
			};
			name = Debug;
		};
		8FAC427B1BE01A5700E62FE0 /* Release */ = {
			isa = XCBuildConfiguration;
			buildSettings = {
				ASSETCATALOG_COMPILER_APPICON_NAME = AppIcon;
				INFOPLIST_FILE = MyPokeDex/Info.plist;
				IPHONEOS_DEPLOYMENT_TARGET = 9.0;
				LD_RUNPATH_SEARCH_PATHS = "$(inherited) @executable_path/Frameworks";
				PRODUCT_BUNDLE_IDENTIFIER = com.neva.MyPokeDex;
				PRODUCT_NAME = "$(TARGET_NAME)";
			};
			name = Release;
		};
/* End XCBuildConfiguration section */

/* Begin XCConfigurationList section */
		8FAC42621BE01A5700E62FE0 /* Build configuration list for PBXProject "MyPokeDex" */ = {
			isa = XCConfigurationList;
			buildConfigurations = (
				8FAC42771BE01A5700E62FE0 /* Debug */,
				8FAC42781BE01A5700E62FE0 /* Release */,
			);
			defaultConfigurationIsVisible = 0;
			defaultConfigurationName = Release;
		};
		8FAC42791BE01A5700E62FE0 /* Build configuration list for PBXNativeTarget "MyPokeDex" */ = {
			isa = XCConfigurationList;
			buildConfigurations = (
				8FAC427A1BE01A5700E62FE0 /* Debug */,
				8FAC427B1BE01A5700E62FE0 /* Release */,
			);
			defaultConfigurationIsVisible = 0;
		};
/* End XCConfigurationList section */
	};
	rootObject = 8FAC425F1BE01A5700E62FE0 /* Project object */;
}
